// !$*UTF8*$!
{
	archiveVersion = 1;
	classes = {
	};
	objectVersion = 50;
	objects = {

/* Begin PBXBuildFile section */
		95F465EA234B8EB100EAA36C /* AppDelegate.swift in Sources */ = {isa = PBXBuildFile; fileRef = 95F465E9234B8EB100EAA36C /* AppDelegate.swift */; };
		95F465EC234B8EB100EAA36C /* SceneDelegate.swift in Sources */ = {isa = PBXBuildFile; fileRef = 95F465EB234B8EB100EAA36C /* SceneDelegate.swift */; };
		95F465EE234B8EB100EAA36C /* ContentView.swift in Sources */ = {isa = PBXBuildFile; fileRef = 95F465ED234B8EB100EAA36C /* ContentView.swift */; };
		95F465F0234B8EB200EAA36C /* Assets.xcassets in Resources */ = {isa = PBXBuildFile; fileRef = 95F465EF234B8EB200EAA36C /* Assets.xcassets */; };
		95F465F3234B8EB200EAA36C /* Preview Assets.xcassets in Resources */ = {isa = PBXBuildFile; fileRef = 95F465F2234B8EB200EAA36C /* Preview Assets.xcassets */; };
		95F465F6234B8EB200EAA36C /* LaunchScreen.storyboard in Resources */ = {isa = PBXBuildFile; fileRef = 95F465F4234B8EB200EAA36C /* LaunchScreen.storyboard */; };
/* End PBXBuildFile section */

/* Begin PBXFileReference section */
		95F465E6234B8EB100EAA36C /* UIImagePickerControllerWithUIViewControllerRepresentable.app */ = {isa = PBXFileReference; explicitFileType = wrapper.application; includeInIndex = 0; path = UIImagePickerControllerWithUIViewControllerRepresentable.app; sourceTree = BUILT_PRODUCTS_DIR; };
		95F465E9234B8EB100EAA36C /* AppDelegate.swift */ = {isa = PBXFileReference; lastKnownFileType = sourcecode.swift; path = AppDelegate.swift; sourceTree = "<group>"; };
		95F465EB234B8EB100EAA36C /* SceneDelegate.swift */ = {isa = PBXFileReference; lastKnownFileType = sourcecode.swift; path = SceneDelegate.swift; sourceTree = "<group>"; };
		95F465ED234B8EB100EAA36C /* ContentView.swift */ = {isa = PBXFileReference; lastKnownFileType = sourcecode.swift; path = ContentView.swift; sourceTree = "<group>"; };
		95F465EF234B8EB200EAA36C /* Assets.xcassets */ = {isa = PBXFileReference; lastKnownFileType = folder.assetcatalog; path = Assets.xcassets; sourceTree = "<group>"; };
		95F465F2234B8EB200EAA36C /* Preview Assets.xcassets */ = {isa = PBXFileReference; lastKnownFileType = folder.assetcatalog; path = "Preview Assets.xcassets"; sourceTree = "<group>"; };
		95F465F5234B8EB200EAA36C /* Base */ = {isa = PBXFileReference; lastKnownFileType = file.storyboard; name = Base; path = Base.lproj/LaunchScreen.storyboard; sourceTree = "<group>"; };
		95F465F7234B8EB200EAA36C /* Info.plist */ = {isa = PBXFileReference; lastKnownFileType = text.plist.xml; path = Info.plist; sourceTree = "<group>"; };
/* End PBXFileReference section */

/* Begin PBXFrameworksBuildPhase section */
		95F465E3234B8EB100EAA36C /* Frameworks */ = {
			isa = PBXFrameworksBuildPhase;
			buildActionMask = 2147483647;
			files = (
			);
			runOnlyForDeploymentPostprocessing = 0;
		};
/* End PBXFrameworksBuildPhase section */

/* Begin PBXGroup section */
		95F465DD234B8EB100EAA36C = {
			isa = PBXGroup;
			children = (
				95F465E8234B8EB100EAA36C /* UIImagePickerControllerWithUIViewControllerRepresentable */,
				95F465E7234B8EB100EAA36C /* Products */,
			);
			sourceTree = "<group>";
		};
		95F465E7234B8EB100EAA36C /* Products */ = {
			isa = PBXGroup;
			children = (
				95F465E6234B8EB100EAA36C /* UIImagePickerControllerWithUIViewControllerRepresentable.app */,
			);
			name = Products;
			sourceTree = "<group>";
		};
		95F465E8234B8EB100EAA36C /* UIImagePickerControllerWithUIViewControllerRepresentable */ = {
			isa = PBXGroup;
			children = (
				95F465E9234B8EB100EAA36C /* AppDelegate.swift */,
				95F465EB234B8EB100EAA36C /* SceneDelegate.swift */,
				95F465ED234B8EB100EAA36C /* ContentView.swift */,
				95F465EF234B8EB200EAA36C /* Assets.xcassets */,
				95F465F4234B8EB200EAA36C /* LaunchScreen.storyboard */,
				95F465F7234B8EB200EAA36C /* Info.plist */,
				95F465F1234B8EB200EAA36C /* Preview Content */,
			);
			path = UIImagePickerControllerWithUIViewControllerRepresentable;
			sourceTree = "<group>";
		};
		95F465F1234B8EB200EAA36C /* Preview Content */ = {
			isa = PBXGroup;
			children = (
				95F465F2234B8EB200EAA36C /* Preview Assets.xcassets */,
			);
			path = "Preview Content";
			sourceTree = "<group>";
		};
/* End PBXGroup section */

/* Begin PBXNativeTarget section */
		95F465E5234B8EB100EAA36C /* UIImagePickerControllerWithUIViewControllerRepresentable */ = {
			isa = PBXNativeTarget;
			buildConfigurationList = 95F465FA234B8EB200EAA36C /* Build configuration list for PBXNativeTarget "UIImagePickerControllerWithUIViewControllerRepresentable" */;
			buildPhases = (
				95F465E2234B8EB100EAA36C /* Sources */,
				95F465E3234B8EB100EAA36C /* Frameworks */,
				95F465E4234B8EB100EAA36C /* Resources */,
			);
			buildRules = (
			);
			dependencies = (
			);
			name = UIImagePickerControllerWithUIViewControllerRepresentable;
			productName = UIImagePickerControllerWithUIViewControllerRepresentable;
			productReference = 95F465E6234B8EB100EAA36C /* UIImagePickerControllerWithUIViewControllerRepresentable.app */;
			productType = "com.apple.product-type.application";
		};
/* End PBXNativeTarget section */

/* Begin PBXProject section */
		95F465DE234B8EB100EAA36C /* Project object */ = {
			isa = PBXProject;
			attributes = {
				LastSwiftUpdateCheck = 1100;
				LastUpgradeCheck = 1100;
				ORGANIZATIONNAME = com.ri;
				TargetAttributes = {
					95F465E5234B8EB100EAA36C = {
						CreatedOnToolsVersion = 11.0;
					};
				};
			};
			buildConfigurationList = 95F465E1234B8EB100EAA36C /* Build configuration list for PBXProject "UIImagePickerControllerWithUIViewControllerRepresentable" */;
			compatibilityVersion = "Xcode 9.3";
			developmentRegion = en;
			hasScannedForEncodings = 0;
			knownRegions = (
				en,
				Base,
			);
			mainGroup = 95F465DD234B8EB100EAA36C;
			productRefGroup = 95F465E7234B8EB100EAA36C /* Products */;
			projectDirPath = "";
			projectRoot = "";
			targets = (
				95F465E5234B8EB100EAA36C /* UIImagePickerControllerWithUIViewControllerRepresentable */,
			);
		};
/* End PBXProject section */

/* Begin PBXResourcesBuildPhase section */
		95F465E4234B8EB100EAA36C /* Resources */ = {
			isa = PBXResourcesBuildPhase;
			buildActionMask = 2147483647;
			files = (
				95F465F6234B8EB200EAA36C /* LaunchScreen.storyboard in Resources */,
				95F465F3234B8EB200EAA36C /* Preview Assets.xcassets in Resources */,
				95F465F0234B8EB200EAA36C /* Assets.xcassets in Resources */,
			);
			runOnlyForDeploymentPostprocessing = 0;
		};
/* End PBXResourcesBuildPhase section */

/* Begin PBXSourcesBuildPhase section */
		95F465E2234B8EB100EAA36C /* Sources */ = {
			isa = PBXSourcesBuildPhase;
			buildActionMask = 2147483647;
			files = (
				95F465EA234B8EB100EAA36C /* AppDelegate.swift in Sources */,
				95F465EC234B8EB100EAA36C /* SceneDelegate.swift in Sources */,
				95F465EE234B8EB100EAA36C /* ContentView.swift in Sources */,
			);
			runOnlyForDeploymentPostprocessing = 0;
		};
/* End PBXSourcesBuildPhase section */

/* Begin PBXVariantGroup section */
		95F465F4234B8EB200EAA36C /* LaunchScreen.storyboard */ = {
			isa = PBXVariantGroup;
			children = (
				95F465F5234B8EB200EAA36C /* Base */,
			);
			name = LaunchScreen.storyboard;
			sourceTree = "<group>";
		};
/* End PBXVariantGroup section */

/* Begin XCBuildConfiguration section */
		95F465F8234B8EB200EAA36C /* Debug */ = {
			isa = XCBuildConfiguration;
			buildSettings = {
				ALWAYS_SEARCH_USER_PATHS = NO;
				CLANG_ANALYZER_NONNULL = YES;
				CLANG_ANALYZER_NUMBER_OBJECT_CONVERSION = YES_AGGRESSIVE;
				CLANG_CXX_LANGUAGE_STANDARD = "gnu++14";
				CLANG_CXX_LIBRARY = "libc++";
				CLANG_ENABLE_MODULES = YES;
				CLANG_ENABLE_OBJC_ARC = YES;
				CLANG_ENABLE_OBJC_WEAK = YES;
				CLANG_WARN_BLOCK_CAPTURE_AUTORELEASING = YES;
				CLANG_WARN_BOOL_CONVERSION = YES;
				CLANG_WARN_COMMA = YES;
				CLANG_WARN_CONSTANT_CONVERSION = YES;
				CLANG_WARN_DEPRECATED_OBJC_IMPLEMENTATIONS = YES;
				CLANG_WARN_DIRECT_OBJC_ISA_USAGE = YES_ERROR;
				CLANG_WARN_DOCUMENTATION_COMMENTS = YES;
				CLANG_WARN_EMPTY_BODY = YES;
				CLANG_WARN_ENUM_CONVERSION = YES;
				CLANG_WARN_INFINITE_RECURSION = YES;
				CLANG_WARN_INT_CONVERSION = YES;
				CLANG_WARN_NON_LITERAL_NULL_CONVERSION = YES;
				CLANG_WARN_OBJC_IMPLICIT_RETAIN_SELF = YES;
				CLANG_WARN_OBJC_LITERAL_CONVERSION = YES;
				CLANG_WARN_OBJC_ROOT_CLASS = YES_ERROR;
				CLANG_WARN_RANGE_LOOP_ANALYSIS = YES;
				CLANG_WARN_STRICT_PROTOTYPES = YES;
				CLANG_WARN_SUSPICIOUS_MOVE = YES;
				CLANG_WARN_UNGUARDED_AVAILABILITY = YES_AGGRESSIVE;
				CLANG_WARN_UNREACHABLE_CODE = YES;
				CLANG_WARN__DUPLICATE_METHOD_MATCH = YES;
				COPY_PHASE_STRIP = NO;
				DEBUG_INFORMATION_FORMAT = dwarf;
				ENABLE_STRICT_OBJC_MSGSEND = YES;
				ENABLE_TESTABILITY = YES;
				GCC_C_LANGUAGE_STANDARD = gnu11;
				GCC_DYNAMIC_NO_PIC = NO;
				GCC_NO_COMMON_BLOCKS = YES;
				GCC_OPTIMIZATION_LEVEL = 0;
				GCC_PREPROCESSOR_DEFINITIONS = (
					"DEBUG=1",
					"$(inherited)",
				);
				GCC_WARN_64_TO_32_BIT_CONVERSION = YES;
				GCC_WARN_ABOUT_RETURN_TYPE = YES_ERROR;
				GCC_WARN_UNDECLARED_SELECTOR = YES;
				GCC_WARN_UNINITIALIZED_AUTOS = YES_AGGRESSIVE;
				GCC_WARN_UNUSED_FUNCTION = YES;
				GCC_WARN_UNUSED_VARIABLE = YES;
				IPHONEOS_DEPLOYMENT_TARGET = 13.0;
				MTL_ENABLE_DEBUG_INFO = INCLUDE_SOURCE;
				MTL_FAST_MATH = YES;
				ONLY_ACTIVE_ARCH = YES;
				SDKROOT = iphoneos;
				SWIFT_ACTIVE_COMPILATION_CONDITIONS = DEBUG;
				SWIFT_OPTIMIZATION_LEVEL = "-Onone";
			};
			name = Debug;
		};
		95F465F9234B8EB200EAA36C /* Release */ = {
			isa = XCBuildConfiguration;
			buildSettings = {
				ALWAYS_SEARCH_USER_PATHS = NO;
				CLANG_ANALYZER_NONNULL = YES;
				CLANG_ANALYZER_NUMBER_OBJECT_CONVERSION = YES_AGGRESSIVE;
				CLANG_CXX_LANGUAGE_STANDARD = "gnu++14";
				CLANG_CXX_LIBRARY = "libc++";
				CLANG_ENABLE_MODULES = YES;
				CLANG_ENABLE_OBJC_ARC = YES;
				CLANG_ENABLE_OBJC_WEAK = YES;
				CLANG_WARN_BLOCK_CAPTURE_AUTORELEASING = YES;
				CLANG_WARN_BOOL_CONVERSION = YES;
				CLANG_WARN_COMMA = YES;
				CLANG_WARN_CONSTANT_CONVERSION = YES;
				CLANG_WARN_DEPRECATED_OBJC_IMPLEMENTATIONS = YES;
				CLANG_WARN_DIRECT_OBJC_ISA_USAGE = YES_ERROR;
				CLANG_WARN_DOCUMENTATION_COMMENTS = YES;
				CLANG_WARN_EMPTY_BODY = YES;
				CLANG_WARN_ENUM_CONVERSION = YES;
				CLANG_WARN_INFINITE_RECURSION = YES;
				CLANG_WARN_INT_CONVERSION = YES;
				CLANG_WARN_NON_LITERAL_NULL_CONVERSION = YES;
				CLANG_WARN_OBJC_IMPLICIT_RETAIN_SELF = YES;
				CLANG_WARN_OBJC_LITERAL_CONVERSION = YES;
				CLANG_WARN_OBJC_ROOT_CLASS = YES_ERROR;
				CLANG_WARN_RANGE_LOOP_ANALYSIS = YES;
				CLANG_WARN_STRICT_PROTOTYPES = YES;
				CLANG_WARN_SUSPICIOUS_MOVE = YES;
				CLANG_WARN_UNGUARDED_AVAILABILITY = YES_AGGRESSIVE;
				CLANG_WARN_UNREACHABLE_CODE = YES;
				CLANG_WARN__DUPLICATE_METHOD_MATCH = YES;
				COPY_PHASE_STRIP = NO;
				DEBUG_INFORMATION_FORMAT = "dwarf-with-dsym";
				ENABLE_NS_ASSERTIONS = NO;
				ENABLE_STRICT_OBJC_MSGSEND = YES;
				GCC_C_LANGUAGE_STANDARD = gnu11;
				GCC_NO_COMMON_BLOCKS = YES;
				GCC_WARN_64_TO_32_BIT_CONVERSION = YES;
				GCC_WARN_ABOUT_RETURN_TYPE = YES_ERROR;
				GCC_WARN_UNDECLARED_SELECTOR = YES;
				GCC_WARN_UNINITIALIZED_AUTOS = YES_AGGRESSIVE;
				GCC_WARN_UNUSED_FUNCTION = YES;
				GCC_WARN_UNUSED_VARIABLE = YES;
				IPHONEOS_DEPLOYMENT_TARGET = 13.0;
				MTL_ENABLE_DEBUG_INFO = NO;
				MTL_FAST_MATH = YES;
				SDKROOT = iphoneos;
				SWIFT_COMPILATION_MODE = wholemodule;
				SWIFT_OPTIMIZATION_LEVEL = "-O";
				VALIDATE_PRODUCT = YES;
			};
			name = Release;
		};
		95F465FB234B8EB200EAA36C /* Debug */ = {
			isa = XCBuildConfiguration;
			buildSettings = {
				ASSETCATALOG_COMPILER_APPICON_NAME = AppIcon;
				CODE_SIGN_STYLE = Automatic;
				DEVELOPMENT_ASSET_PATHS = "\"UIImagePickerControllerWithUIViewControllerRepresentable/Preview Content\"";
				DEVELOPMENT_TEAM = L8W86DZDY2;
				ENABLE_PREVIEWS = YES;
				INFOPLIST_FILE = UIImagePickerControllerWithUIViewControllerRepresentable/Info.plist;
				LD_RUNPATH_SEARCH_PATHS = (
					"$(inherited)",
					"@executable_path/Frameworks",
				);
				PRODUCT_BUNDLE_IDENTIFIER = com.ri.UIImagePickerControllerWithUIViewControllerRepresentable;
				PRODUCT_NAME = "$(TARGET_NAME)";
				SWIFT_VERSION = 5.0;
				TARGETED_DEVICE_FAMILY = "1,2";
			};
			name = Debug;
		};
		95F465FC234B8EB200EAA36C /* Release */ = {
			isa = XCBuildConfiguration;
			buildSettings = {
				ASSETCATALOG_COMPILER_APPICON_NAME = AppIcon;
				CODE_SIGN_STYLE = Automatic;
				DEVELOPMENT_ASSET_PATHS = "\"UIImagePickerControllerWithUIViewControllerRepresentable/Preview Content\"";
				DEVELOPMENT_TEAM = L8W86DZDY2;
				ENABLE_PREVIEWS = YES;
				INFOPLIST_FILE = UIImagePickerControllerWithUIViewControllerRepresentable/Info.plist;
				LD_RUNPATH_SEARCH_PATHS = (
					"$(inherited)",
					"@executable_path/Frameworks",
				);
				PRODUCT_BUNDLE_IDENTIFIER = com.ri.UIImagePickerControllerWithUIViewControllerRepresentable;
				PRODUCT_NAME = "$(TARGET_NAME)";
				SWIFT_VERSION = 5.0;
				TARGETED_DEVICE_FAMILY = "1,2";
			};
			name = Release;
		};
/* End XCBuildConfiguration section */

/* Begin XCConfigurationList section */
		95F465E1234B8EB100EAA36C /* Build configuration list for PBXProject "UIImagePickerControllerWithUIViewControllerRepresentable" */ = {
			isa = XCConfigurationList;
			buildConfigurations = (
				95F465F8234B8EB200EAA36C /* Debug */,
				95F465F9234B8EB200EAA36C /* Release */,
			);
			defaultConfigurationIsVisible = 0;
			defaultConfigurationName = Release;
		};
		95F465FA234B8EB200EAA36C /* Build configuration list for PBXNativeTarget "UIImagePickerControllerWithUIViewControllerRepresentable" */ = {
			isa = XCConfigurationList;
			buildConfigurations = (
				95F465FB234B8EB200EAA36C /* Debug */,
				95F465FC234B8EB200EAA36C /* Release */,
			);
			defaultConfigurationIsVisible = 0;
			defaultConfigurationName = Release;
		};
/* End XCConfigurationList section */
	};
	rootObject = 95F465DE234B8EB100EAA36C /* Project object */;
}
